
Microsoft Visual Studio Solution File, Format Version 12.00
# Visual Studio Version 17
VisualStudioVersion = 17.0.31410.414
MinimumVisualStudioVersion = 10.0.40219.1
Project("{FAE04EC0-301F-11D3-BF4B-00C04F79EFBC}") = "SeleniumTest", "SeleniumTest\SeleniumTest.csproj", "{F589B436-B591-4ED8-B76F-F8E3A0704EBE}"
EndProject
Global
	GlobalSection(SolutionConfigurationPlatforms) = preSolution
		Debug|Any CPU = Debug|Any CPU
		Release|Any CPU = Release|Any CPU
	EndGlobalSection
	GlobalSection(ProjectConfigurationPlatforms) = postSolution
		{F589B436-B591-4ED8-B76F-F8E3A0704EBE}.Debug|Any CPU.ActiveCfg = Debug|Any CPU
		{F589B436-B591-4ED8-B76F-F8E3A0704EBE}.Debug|Any CPU.Build.0 = Debug|Any CPU
		{F589B436-B591-4ED8-B76F-F8E3A0704EBE}.Release|Any CPU.ActiveCfg = Release|Any CPU
		{F589B436-B591-4ED8-B76F-F8E3A0704EBE}.Release|Any CPU.Build.0 = Release|Any CPU
	EndGlobalSection
	GlobalSection(SolutionProperties) = preSolution
		HideSolutionNode = FALSE
	EndGlobalSection
	GlobalSection(ExtensibilityGlobals) = postSolution
		SolutionGuid = {E3A50825-DF60-43D1-B6D3-0930D9C01213}
	EndGlobalSection
EndGlobal
